// !$*UTF8*$!
{
	archiveVersion = 1;
	classes = {
	};
	objectVersion = 55;
	objects = {

/* Begin PBXBuildFile section */
		7E9CB1ABF24F8FD2DF960AD0 /* Pods_MovieKuy.framework in Frameworks */ = {isa = PBXBuildFile; fileRef = 4760059BEC80CD6BB680F779 /* Pods_MovieKuy.framework */; };
		E94EB77A28445BCF008C1561 /* FavoriteViewController.swift in Sources */ = {isa = PBXBuildFile; fileRef = E94EB77928445BCF008C1561 /* FavoriteViewController.swift */; };
		E94EB77C28445BE4008C1561 /* SearchViewController.swift in Sources */ = {isa = PBXBuildFile; fileRef = E94EB77B28445BE4008C1561 /* SearchViewController.swift */; };
		E94EB77E28445C00008C1561 /* HomeViewController.swift in Sources */ = {isa = PBXBuildFile; fileRef = E94EB77D28445C00008C1561 /* HomeViewController.swift */; };
		E94EB78528446407008C1561 /* DataResponse.swift in Sources */ = {isa = PBXBuildFile; fileRef = E94EB78428446407008C1561 /* DataResponse.swift */; };
		E97F195B2838FF8000E8776F /* AppDelegate.swift in Sources */ = {isa = PBXBuildFile; fileRef = E97F195A2838FF8000E8776F /* AppDelegate.swift */; };
		E97F195D2838FF8000E8776F /* SceneDelegate.swift in Sources */ = {isa = PBXBuildFile; fileRef = E97F195C2838FF8000E8776F /* SceneDelegate.swift */; };
		E97F195F2838FF8000E8776F /* MainTabBarController.swift in Sources */ = {isa = PBXBuildFile; fileRef = E97F195E2838FF8000E8776F /* MainTabBarController.swift */; };
		E97F19642838FF8000E8776F /* Assets.xcassets in Resources */ = {isa = PBXBuildFile; fileRef = E97F19632838FF8000E8776F /* Assets.xcassets */; };
		E97F19672838FF8000E8776F /* LaunchScreen.storyboard in Resources */ = {isa = PBXBuildFile; fileRef = E97F19652838FF8000E8776F /* LaunchScreen.storyboard */; };
		E97F197B28391C3C00E8776F /* GoogleService-Info.plist in Resources */ = {isa = PBXBuildFile; fileRef = E97F197A28391C3C00E8776F /* GoogleService-Info.plist */; };
		E97F197D2839253600E8776F /* SignInViewController.swift in Sources */ = {isa = PBXBuildFile; fileRef = E97F197C2839253600E8776F /* SignInViewController.swift */; };
		E97F197F2839257300E8776F /* SignUpViewController.swift in Sources */ = {isa = PBXBuildFile; fileRef = E97F197E2839257300E8776F /* SignUpViewController.swift */; };
		E97F1983283927F600E8776F /* Extension+String.swift in Sources */ = {isa = PBXBuildFile; fileRef = E97F1982283927F600E8776F /* Extension+String.swift */; };
		E97F198628392EE100E8776F /* Extension+View.swift in Sources */ = {isa = PBXBuildFile; fileRef = E97F198528392EE100E8776F /* Extension+View.swift */; };
		E98E91D62846F60C00DD5F4B /* HeaderProfileView.swift in Sources */ = {isa = PBXBuildFile; fileRef = E98E91D52846F60C00DD5F4B /* HeaderProfileView.swift */; };
		E98E91DA28470C2100DD5F4B /* CollectionTableViewCell.swift in Sources */ = {isa = PBXBuildFile; fileRef = E98E91D928470C2100DD5F4B /* CollectionTableViewCell.swift */; };
		E98E91DC28470CE000DD5F4B /* RowCollectionViewCell.swift in Sources */ = {isa = PBXBuildFile; fileRef = E98E91DB28470CE000DD5F4B /* RowCollectionViewCell.swift */; };
		E98E91DE2847104500DD5F4B /* YoutubeResponse.swift in Sources */ = {isa = PBXBuildFile; fileRef = E98E91DD2847104500DD5F4B /* YoutubeResponse.swift */; };
		E98E91E128471B0D00DD5F4B /* SearchResultsViewController.swift in Sources */ = {isa = PBXBuildFile; fileRef = E98E91E028471B0D00DD5F4B /* SearchResultsViewController.swift */; };
		E98E91E428471BF300DD5F4B /* DetailViewModel.swift in Sources */ = {isa = PBXBuildFile; fileRef = E98E91E328471BF300DD5F4B /* DetailViewModel.swift */; };
		E98E91E728471C6D00DD5F4B /* DetailViewController.swift in Sources */ = {isa = PBXBuildFile; fileRef = E98E91E628471C6D00DD5F4B /* DetailViewController.swift */; };
		E98E91E928471F1500DD5F4B /* ListTableViewCell.swift in Sources */ = {isa = PBXBuildFile; fileRef = E98E91E828471F1500DD5F4B /* ListTableViewCell.swift */; };
		E98E91EB2847204F00DD5F4B /* ListViewModel.swift in Sources */ = {isa = PBXBuildFile; fileRef = E98E91EA2847204F00DD5F4B /* ListViewModel.swift */; };
		E98E91EE284730AE00DD5F4B /* FavoriteModel.xcdatamodeld in Sources */ = {isa = PBXBuildFile; fileRef = E98E91EC284730AE00DD5F4B /* FavoriteModel.xcdatamodeld */; };
		E98E91F02847314800DD5F4B /* CoreDataManager.swift in Sources */ = {isa = PBXBuildFile; fileRef = E98E91EF2847314800DD5F4B /* CoreDataManager.swift */; };
		E9AF441828465ABD0025B3DC /* ProfileViewController.swift in Sources */ = {isa = PBXBuildFile; fileRef = E9AF441728465ABD0025B3DC /* ProfileViewController.swift */; };
		E9FCEBA128423F1600DBE2B5 /* AuthManager.swift in Sources */ = {isa = PBXBuildFile; fileRef = E9FCEBA028423F1600DBE2B5 /* AuthManager.swift */; };
		E9FCEBA328424EBF00DBE2B5 /* APIManager.swift in Sources */ = {isa = PBXBuildFile; fileRef = E9FCEBA228424EBF00DBE2B5 /* APIManager.swift */; };
/* End PBXBuildFile section */

/* Begin PBXFileReference section */
		4760059BEC80CD6BB680F779 /* Pods_MovieKuy.framework */ = {isa = PBXFileReference; explicitFileType = wrapper.framework; includeInIndex = 0; path = Pods_MovieKuy.framework; sourceTree = BUILT_PRODUCTS_DIR; };
		54452572D1314E094F2A3189 /* Pods-MovieKuy.debug.xcconfig */ = {isa = PBXFileReference; includeInIndex = 1; lastKnownFileType = text.xcconfig; name = "Pods-MovieKuy.debug.xcconfig"; path = "Target Support Files/Pods-MovieKuy/Pods-MovieKuy.debug.xcconfig"; sourceTree = "<group>"; };
		AB5D63E755DF38672204042F /* Pods-MovieKuy.release.xcconfig */ = {isa = PBXFileReference; includeInIndex = 1; lastKnownFileType = text.xcconfig; name = "Pods-MovieKuy.release.xcconfig"; path = "Target Support Files/Pods-MovieKuy/Pods-MovieKuy.release.xcconfig"; sourceTree = "<group>"; };
		E94EB77928445BCF008C1561 /* FavoriteViewController.swift */ = {isa = PBXFileReference; lastKnownFileType = sourcecode.swift; path = FavoriteViewController.swift; sourceTree = "<group>"; };
		E94EB77B28445BE4008C1561 /* SearchViewController.swift */ = {isa = PBXFileReference; lastKnownFileType = sourcecode.swift; path = SearchViewController.swift; sourceTree = "<group>"; };
		E94EB77D28445C00008C1561 /* HomeViewController.swift */ = {isa = PBXFileReference; lastKnownFileType = sourcecode.swift; path = HomeViewController.swift; sourceTree = "<group>"; };
		E94EB78428446407008C1561 /* DataResponse.swift */ = {isa = PBXFileReference; lastKnownFileType = sourcecode.swift; path = DataResponse.swift; sourceTree = "<group>"; };
		E97F19572838FF8000E8776F /* MovieKuy.app */ = {isa = PBXFileReference; explicitFileType = wrapper.application; includeInIndex = 0; path = MovieKuy.app; sourceTree = BUILT_PRODUCTS_DIR; };
		E97F195A2838FF8000E8776F /* AppDelegate.swift */ = {isa = PBXFileReference; lastKnownFileType = sourcecode.swift; path = AppDelegate.swift; sourceTree = "<group>"; };
		E97F195C2838FF8000E8776F /* SceneDelegate.swift */ = {isa = PBXFileReference; lastKnownFileType = sourcecode.swift; path = SceneDelegate.swift; sourceTree = "<group>"; };
		E97F195E2838FF8000E8776F /* MainTabBarController.swift */ = {isa = PBXFileReference; lastKnownFileType = sourcecode.swift; path = MainTabBarController.swift; sourceTree = "<group>"; };
		E97F19632838FF8000E8776F /* Assets.xcassets */ = {isa = PBXFileReference; lastKnownFileType = folder.assetcatalog; path = Assets.xcassets; sourceTree = "<group>"; };
		E97F19662838FF8000E8776F /* Base */ = {isa = PBXFileReference; lastKnownFileType = file.storyboard; name = Base; path = Base.lproj/LaunchScreen.storyboard; sourceTree = "<group>"; };
		E97F19682838FF8000E8776F /* Info.plist */ = {isa = PBXFileReference; lastKnownFileType = text.plist.xml; path = Info.plist; sourceTree = "<group>"; };
		E97F197A28391C3C00E8776F /* GoogleService-Info.plist */ = {isa = PBXFileReference; fileEncoding = 4; lastKnownFileType = text.plist.xml; path = "GoogleService-Info.plist"; sourceTree = "<group>"; };
		E97F197C2839253600E8776F /* SignInViewController.swift */ = {isa = PBXFileReference; lastKnownFileType = sourcecode.swift; path = SignInViewController.swift; sourceTree = "<group>"; };
		E97F197E2839257300E8776F /* SignUpViewController.swift */ = {isa = PBXFileReference; lastKnownFileType = sourcecode.swift; path = SignUpViewController.swift; sourceTree = "<group>"; };
		E97F1982283927F600E8776F /* Extension+String.swift */ = {isa = PBXFileReference; lastKnownFileType = sourcecode.swift; path = "Extension+String.swift"; sourceTree = "<group>"; };
		E97F198528392EE100E8776F /* Extension+View.swift */ = {isa = PBXFileReference; lastKnownFileType = sourcecode.swift; path = "Extension+View.swift"; sourceTree = "<group>"; };
		E98E91D52846F60C00DD5F4B /* HeaderProfileView.swift */ = {isa = PBXFileReference; lastKnownFileType = sourcecode.swift; path = HeaderProfileView.swift; sourceTree = "<group>"; };
		E98E91D928470C2100DD5F4B /* CollectionTableViewCell.swift */ = {isa = PBXFileReference; lastKnownFileType = sourcecode.swift; path = CollectionTableViewCell.swift; sourceTree = "<group>"; };
		E98E91DB28470CE000DD5F4B /* RowCollectionViewCell.swift */ = {isa = PBXFileReference; lastKnownFileType = sourcecode.swift; path = RowCollectionViewCell.swift; sourceTree = "<group>"; };
		E98E91DD2847104500DD5F4B /* YoutubeResponse.swift */ = {isa = PBXFileReference; lastKnownFileType = sourcecode.swift; path = YoutubeResponse.swift; sourceTree = "<group>"; };
		E98E91E028471B0D00DD5F4B /* SearchResultsViewController.swift */ = {isa = PBXFileReference; lastKnownFileType = sourcecode.swift; path = SearchResultsViewController.swift; sourceTree = "<group>"; };
		E98E91E328471BF300DD5F4B /* DetailViewModel.swift */ = {isa = PBXFileReference; lastKnownFileType = sourcecode.swift; path = DetailViewModel.swift; sourceTree = "<group>"; };
		E98E91E628471C6D00DD5F4B /* DetailViewController.swift */ = {isa = PBXFileReference; lastKnownFileType = sourcecode.swift; path = DetailViewController.swift; sourceTree = "<group>"; };
		E98E91E828471F1500DD5F4B /* ListTableViewCell.swift */ = {isa = PBXFileReference; lastKnownFileType = sourcecode.swift; path = ListTableViewCell.swift; sourceTree = "<group>"; };
		E98E91EA2847204F00DD5F4B /* ListViewModel.swift */ = {isa = PBXFileReference; lastKnownFileType = sourcecode.swift; path = ListViewModel.swift; sourceTree = "<group>"; };
		E98E91ED284730AE00DD5F4B /* FavoriteModel.xcdatamodel */ = {isa = PBXFileReference; lastKnownFileType = wrapper.xcdatamodel; path = FavoriteModel.xcdatamodel; sourceTree = "<group>"; };
		E98E91EF2847314800DD5F4B /* CoreDataManager.swift */ = {isa = PBXFileReference; lastKnownFileType = sourcecode.swift; path = CoreDataManager.swift; sourceTree = "<group>"; };
		E9AF441728465ABD0025B3DC /* ProfileViewController.swift */ = {isa = PBXFileReference; lastKnownFileType = sourcecode.swift; path = ProfileViewController.swift; sourceTree = "<group>"; };
		E9FCEBA028423F1600DBE2B5 /* AuthManager.swift */ = {isa = PBXFileReference; lastKnownFileType = sourcecode.swift; path = AuthManager.swift; sourceTree = "<group>"; };
		E9FCEBA228424EBF00DBE2B5 /* APIManager.swift */ = {isa = PBXFileReference; lastKnownFileType = sourcecode.swift; path = APIManager.swift; sourceTree = "<group>"; };
/* End PBXFileReference section */

/* Begin PBXFrameworksBuildPhase section */
		E97F19542838FF8000E8776F /* Frameworks */ = {
			isa = PBXFrameworksBuildPhase;
			buildActionMask = 2147483647;
			files = (
				7E9CB1ABF24F8FD2DF960AD0 /* Pods_MovieKuy.framework in Frameworks */,
			);
			runOnlyForDeploymentPostprocessing = 0;
		};
/* End PBXFrameworksBuildPhase section */

/* Begin PBXGroup section */
		403FC6FAB1D1D1E75D41A6B0 /* Pods */ = {
			isa = PBXGroup;
			children = (
				54452572D1314E094F2A3189 /* Pods-MovieKuy.debug.xcconfig */,
				AB5D63E755DF38672204042F /* Pods-MovieKuy.release.xcconfig */,
			);
			path = Pods;
			sourceTree = "<group>";
		};
		E0F0A3446E06FB3476C9B7AE /* Frameworks */ = {
			isa = PBXGroup;
			children = (
				4760059BEC80CD6BB680F779 /* Pods_MovieKuy.framework */,
			);
			name = Frameworks;
			sourceTree = "<group>";
		};
		E97F194E2838FF8000E8776F = {
			isa = PBXGroup;
			children = (
				E97F19592838FF8000E8776F /* MovieKuy */,
				E97F19582838FF8000E8776F /* Products */,
				403FC6FAB1D1D1E75D41A6B0 /* Pods */,
				E0F0A3446E06FB3476C9B7AE /* Frameworks */,
			);
			sourceTree = "<group>";
		};
		E97F19582838FF8000E8776F /* Products */ = {
			isa = PBXGroup;
			children = (
				E97F19572838FF8000E8776F /* MovieKuy.app */,
			);
			name = Products;
			sourceTree = "<group>";
		};
		E97F19592838FF8000E8776F /* MovieKuy */ = {
			isa = PBXGroup;
			children = (
				E97F196E2838FFEA00E8776F /* App */,
				E97F19702839033E00E8776F /* Data */,
				E97F19712839034300E8776F /* Presentation */,
				E97F19802839279200E8776F /* Utility */,
				E97F196F2838FFF300E8776F /* Resources */,
			);
			path = MovieKuy;
			sourceTree = "<group>";
		};
		E97F196E2838FFEA00E8776F /* App */ = {
			isa = PBXGroup;
			children = (
				E97F195C2838FF8000E8776F /* SceneDelegate.swift */,
				E97F195A2838FF8000E8776F /* AppDelegate.swift */,
			);
			path = App;
			sourceTree = "<group>";
		};
		E97F196F2838FFF300E8776F /* Resources */ = {
			isa = PBXGroup;
			children = (
				E97F197A28391C3C00E8776F /* GoogleService-Info.plist */,
				E97F19652838FF8000E8776F /* LaunchScreen.storyboard */,
				E97F19632838FF8000E8776F /* Assets.xcassets */,
				E97F19682838FF8000E8776F /* Info.plist */,
			);
			path = Resources;
			sourceTree = "<group>";
		};
		E97F19702839033E00E8776F /* Data */ = {
			isa = PBXGroup;
			children = (
				E98E91E528471C3800DD5F4B /* Manager */,
				E97F19792839129600E8776F /* Remote */,
				E97F19782839129100E8776F /* Local */,
			);
			path = Data;
			sourceTree = "<group>";
		};
		E97F19712839034300E8776F /* Presentation */ = {
			isa = PBXGroup;
			children = (
				E98E91E228471BD500DD5F4B /* ViewModel */,
				E98E91DF28471A3200DD5F4B /* Components */,
				E9AF441628465AAC0025B3DC /* Profile */,
				E9AF441528465A230025B3DC /* Detail */,
				E9FCEB9F28423EB500DBE2B5 /* Manager */,
				E97F19772839125F00E8776F /* Main */,
				E97F19752839124A00E8776F /* Favorite */,
				E97F19742839124300E8776F /* Search */,
				E97F19732839123900E8776F /* Home */,
				E97F19722839123200E8776F /* Auth */,
			);
			path = Presentation;
			sourceTree = "<group>";
		};
		E97F19722839123200E8776F /* Auth */ = {
			isa = PBXGroup;
			children = (
				E97F197C2839253600E8776F /* SignInViewController.swift */,
				E97F197E2839257300E8776F /* SignUpViewController.swift */,
			);
			path = Auth;
			sourceTree = "<group>";
		};
		E97F19732839123900E8776F /* Home */ = {
			isa = PBXGroup;
			children = (
				E94EB77D28445C00008C1561 /* HomeViewController.swift */,
			);
			path = Home;
			sourceTree = "<group>";
		};
		E97F19742839124300E8776F /* Search */ = {
			isa = PBXGroup;
			children = (
				E94EB77B28445BE4008C1561 /* SearchViewController.swift */,
			);
			path = Search;
			sourceTree = "<group>";
		};
		E97F19752839124A00E8776F /* Favorite */ = {
			isa = PBXGroup;
			children = (
				E94EB77928445BCF008C1561 /* FavoriteViewController.swift */,
			);
			path = Favorite;
			sourceTree = "<group>";
		};
		E97F19772839125F00E8776F /* Main */ = {
			isa = PBXGroup;
			children = (
				E97F195E2838FF8000E8776F /* MainTabBarController.swift */,
			);
			path = Main;
			sourceTree = "<group>";
		};
		E97F19782839129100E8776F /* Local */ = {
			isa = PBXGroup;
			children = (
				E98E91EC284730AE00DD5F4B /* FavoriteModel.xcdatamodeld */,
			);
			path = Local;
			sourceTree = "<group>";
		};
		E97F19792839129600E8776F /* Remote */ = {
			isa = PBXGroup;
			children = (
				E94EB78428446407008C1561 /* DataResponse.swift */,
				E98E91DD2847104500DD5F4B /* YoutubeResponse.swift */,
			);
			path = Remote;
			sourceTree = "<group>";
		};
		E97F19802839279200E8776F /* Utility */ = {
			isa = PBXGroup;
			children = (
				E97F1981283927CB00E8776F /* Extensions */,
			);
			path = Utility;
			sourceTree = "<group>";
		};
		E97F1981283927CB00E8776F /* Extensions */ = {
			isa = PBXGroup;
			children = (
				E97F1982283927F600E8776F /* Extension+String.swift */,
				E97F198528392EE100E8776F /* Extension+View.swift */,
			);
			path = Extensions;
			sourceTree = "<group>";
		};
		E98E91DF28471A3200DD5F4B /* Components */ = {
			isa = PBXGroup;
			children = (
				E98E91D928470C2100DD5F4B /* CollectionTableViewCell.swift */,
				E98E91D52846F60C00DD5F4B /* HeaderProfileView.swift */,
				E98E91DB28470CE000DD5F4B /* RowCollectionViewCell.swift */,
				E98E91E028471B0D00DD5F4B /* SearchResultsViewController.swift */,
				E98E91E828471F1500DD5F4B /* ListTableViewCell.swift */,
			);
			path = Components;
			sourceTree = "<group>";
		};
		E98E91E228471BD500DD5F4B /* ViewModel */ = {
			isa = PBXGroup;
			children = (
				E98E91E328471BF300DD5F4B /* DetailViewModel.swift */,
				E98E91EA2847204F00DD5F4B /* ListViewModel.swift */,
			);
			path = ViewModel;
			sourceTree = "<group>";
		};
		E98E91E528471C3800DD5F4B /* Manager */ = {
			isa = PBXGroup;
			children = (
				E98E91EF2847314800DD5F4B /* CoreDataManager.swift */,
			);
			path = Manager;
			sourceTree = "<group>";
		};
		E9AF441528465A230025B3DC /* Detail */ = {
			isa = PBXGroup;
			children = (
				E98E91E628471C6D00DD5F4B /* DetailViewController.swift */,
			);
			path = Detail;
			sourceTree = "<group>";
		};
		E9AF441628465AAC0025B3DC /* Profile */ = {
			isa = PBXGroup;
			children = (
				E9AF441728465ABD0025B3DC /* ProfileViewController.swift */,
			);
			path = Profile;
			sourceTree = "<group>";
		};
		E9FCEB9F28423EB500DBE2B5 /* Manager */ = {
			isa = PBXGroup;
			children = (
				E9FCEBA028423F1600DBE2B5 /* AuthManager.swift */,
				E9FCEBA228424EBF00DBE2B5 /* APIManager.swift */,
			);
			path = Manager;
			sourceTree = "<group>";
		};
/* End PBXGroup section */

/* Begin PBXNativeTarget section */
		E97F19562838FF8000E8776F /* MovieKuy */ = {
			isa = PBXNativeTarget;
			buildConfigurationList = E97F196B2838FF8000E8776F /* Build configuration list for PBXNativeTarget "MovieKuy" */;
			buildPhases = (
				4114303015981B95E2F19268 /* [CP] Check Pods Manifest.lock */,
				E97F19532838FF8000E8776F /* Sources */,
				E97F19542838FF8000E8776F /* Frameworks */,
				E97F19552838FF8000E8776F /* Resources */,
				F7654FA363DD41CEC3DE3F37 /* [CP] Embed Pods Frameworks */,
			);
			buildRules = (
			);
			dependencies = (
			);
			name = MovieKuy;
			productName = MovieKuy;
			productReference = E97F19572838FF8000E8776F /* MovieKuy.app */;
			productType = "com.apple.product-type.application";
		};
/* End PBXNativeTarget section */

/* Begin PBXProject section */
		E97F194F2838FF8000E8776F /* Project object */ = {
			isa = PBXProject;
			attributes = {
				BuildIndependentTargetsInParallel = 1;
				LastSwiftUpdateCheck = 1320;
				LastUpgradeCheck = 1320;
				TargetAttributes = {
					E97F19562838FF8000E8776F = {
						CreatedOnToolsVersion = 13.2.1;
					};
				};
			};
			buildConfigurationList = E97F19522838FF8000E8776F /* Build configuration list for PBXProject "MovieKuy" */;
			compatibilityVersion = "Xcode 13.0";
			developmentRegion = en;
			hasScannedForEncodings = 0;
			knownRegions = (
				en,
				Base,
			);
			mainGroup = E97F194E2838FF8000E8776F;
			productRefGroup = E97F19582838FF8000E8776F /* Products */;
			projectDirPath = "";
			projectRoot = "";
			targets = (
				E97F19562838FF8000E8776F /* MovieKuy */,
			);
		};
/* End PBXProject section */

/* Begin PBXResourcesBuildPhase section */
		E97F19552838FF8000E8776F /* Resources */ = {
			isa = PBXResourcesBuildPhase;
			buildActionMask = 2147483647;
			files = (
				E97F19672838FF8000E8776F /* LaunchScreen.storyboard in Resources */,
				E97F19642838FF8000E8776F /* Assets.xcassets in Resources */,
				E97F197B28391C3C00E8776F /* GoogleService-Info.plist in Resources */,
			);
			runOnlyForDeploymentPostprocessing = 0;
		};
/* End PBXResourcesBuildPhase section */

/* Begin PBXShellScriptBuildPhase section */
		4114303015981B95E2F19268 /* [CP] Check Pods Manifest.lock */ = {
			isa = PBXShellScriptBuildPhase;
			buildActionMask = 2147483647;
			files = (
			);
			inputFileListPaths = (
			);
			inputPaths = (
				"${PODS_PODFILE_DIR_PATH}/Podfile.lock",
				"${PODS_ROOT}/Manifest.lock",
			);
			name = "[CP] Check Pods Manifest.lock";
			outputFileListPaths = (
			);
			outputPaths = (
				"$(DERIVED_FILE_DIR)/Pods-MovieKuy-checkManifestLockResult.txt",
			);
			runOnlyForDeploymentPostprocessing = 0;
			shellPath = /bin/sh;
			shellScript = "diff \"${PODS_PODFILE_DIR_PATH}/Podfile.lock\" \"${PODS_ROOT}/Manifest.lock\" > /dev/null\nif [ $? != 0 ] ; then\n    # print error to STDERR\n    echo \"error: The sandbox is not in sync with the Podfile.lock. Run 'pod install' or update your CocoaPods installation.\" >&2\n    exit 1\nfi\n# This output is used by Xcode 'outputs' to avoid re-running this script phase.\necho \"SUCCESS\" > \"${SCRIPT_OUTPUT_FILE_0}\"\n";
			showEnvVarsInLog = 0;
		};
		F7654FA363DD41CEC3DE3F37 /* [CP] Embed Pods Frameworks */ = {
			isa = PBXShellScriptBuildPhase;
			buildActionMask = 2147483647;
			files = (
			);
			inputFileListPaths = (
				"${PODS_ROOT}/Target Support Files/Pods-MovieKuy/Pods-MovieKuy-frameworks-${CONFIGURATION}-input-files.xcfilelist",
			);
			name = "[CP] Embed Pods Frameworks";
			outputFileListPaths = (
				"${PODS_ROOT}/Target Support Files/Pods-MovieKuy/Pods-MovieKuy-frameworks-${CONFIGURATION}-output-files.xcfilelist",
			);
			runOnlyForDeploymentPostprocessing = 0;
			shellPath = /bin/sh;
			shellScript = "\"${PODS_ROOT}/Target Support Files/Pods-MovieKuy/Pods-MovieKuy-frameworks.sh\"\n";
			showEnvVarsInLog = 0;
		};
/* End PBXShellScriptBuildPhase section */

/* Begin PBXSourcesBuildPhase section */
		E97F19532838FF8000E8776F /* Sources */ = {
			isa = PBXSourcesBuildPhase;
			buildActionMask = 2147483647;
			files = (
				E94EB77A28445BCF008C1561 /* FavoriteViewController.swift in Sources */,
				E98E91E928471F1500DD5F4B /* ListTableViewCell.swift in Sources */,
				E97F197D2839253600E8776F /* SignInViewController.swift in Sources */,
				E9FCEBA128423F1600DBE2B5 /* AuthManager.swift in Sources */,
				E98E91E428471BF300DD5F4B /* DetailViewModel.swift in Sources */,
				E97F195F2838FF8000E8776F /* MainTabBarController.swift in Sources */,
				E94EB78528446407008C1561 /* DataResponse.swift in Sources */,
				E98E91E728471C6D00DD5F4B /* DetailViewController.swift in Sources */,
				E9FCEBA328424EBF00DBE2B5 /* APIManager.swift in Sources */,
				E98E91D62846F60C00DD5F4B /* HeaderProfileView.swift in Sources */,
				E98E91DA28470C2100DD5F4B /* CollectionTableViewCell.swift in Sources */,
				E98E91EE284730AE00DD5F4B /* FavoriteModel.xcdatamodeld in Sources */,
				E98E91EB2847204F00DD5F4B /* ListViewModel.swift in Sources */,
				E94EB77C28445BE4008C1561 /* SearchViewController.swift in Sources */,
				E98E91DE2847104500DD5F4B /* YoutubeResponse.swift in Sources */,
				E97F1983283927F600E8776F /* Extension+String.swift in Sources */,
				E97F198628392EE100E8776F /* Extension+View.swift in Sources */,
				E98E91E128471B0D00DD5F4B /* SearchResultsViewController.swift in Sources */,
				E98E91F02847314800DD5F4B /* CoreDataManager.swift in Sources */,
				E97F195B2838FF8000E8776F /* AppDelegate.swift in Sources */,
				E97F195D2838FF8000E8776F /* SceneDelegate.swift in Sources */,
				E9AF441828465ABD0025B3DC /* ProfileViewController.swift in Sources */,
				E98E91DC28470CE000DD5F4B /* RowCollectionViewCell.swift in Sources */,
				E94EB77E28445C00008C1561 /* HomeViewController.swift in Sources */,
				E97F197F2839257300E8776F /* SignUpViewController.swift in Sources */,
			);
			runOnlyForDeploymentPostprocessing = 0;
		};
/* End PBXSourcesBuildPhase section */

/* Begin PBXVariantGroup section */
		E97F19652838FF8000E8776F /* LaunchScreen.storyboard */ = {
			isa = PBXVariantGroup;
			children = (
				E97F19662838FF8000E8776F /* Base */,
			);
			name = LaunchScreen.storyboard;
			sourceTree = "<group>";
		};
/* End PBXVariantGroup section */

/* Begin XCBuildConfiguration section */
		E97F19692838FF8000E8776F /* Debug */ = {
			isa = XCBuildConfiguration;
			buildSettings = {
				ALWAYS_SEARCH_USER_PATHS = NO;
				CLANG_ANALYZER_NONNULL = YES;
				CLANG_ANALYZER_NUMBER_OBJECT_CONVERSION = YES_AGGRESSIVE;
				CLANG_CXX_LANGUAGE_STANDARD = "gnu++17";
				CLANG_CXX_LIBRARY = "libc++";
				CLANG_ENABLE_MODULES = YES;
				CLANG_ENABLE_OBJC_ARC = YES;
				CLANG_ENABLE_OBJC_WEAK = YES;
				CLANG_WARN_BLOCK_CAPTURE_AUTORELEASING = YES;
				CLANG_WARN_BOOL_CONVERSION = YES;
				CLANG_WARN_COMMA = YES;
				CLANG_WARN_CONSTANT_CONVERSION = YES;
				CLANG_WARN_DEPRECATED_OBJC_IMPLEMENTATIONS = YES;
				CLANG_WARN_DIRECT_OBJC_ISA_USAGE = YES_ERROR;
				CLANG_WARN_DOCUMENTATION_COMMENTS = YES;
				CLANG_WARN_EMPTY_BODY = YES;
				CLANG_WARN_ENUM_CONVERSION = YES;
				CLANG_WARN_INFINITE_RECURSION = YES;
				CLANG_WARN_INT_CONVERSION = YES;
				CLANG_WARN_NON_LITERAL_NULL_CONVERSION = YES;
				CLANG_WARN_OBJC_IMPLICIT_RETAIN_SELF = YES;
				CLANG_WARN_OBJC_LITERAL_CONVERSION = YES;
				CLANG_WARN_OBJC_ROOT_CLASS = YES_ERROR;
				CLANG_WARN_QUOTED_INCLUDE_IN_FRAMEWORK_HEADER = YES;
				CLANG_WARN_RANGE_LOOP_ANALYSIS = YES;
				CLANG_WARN_STRICT_PROTOTYPES = YES;
				CLANG_WARN_SUSPICIOUS_MOVE = YES;
				CLANG_WARN_UNGUARDED_AVAILABILITY = YES_AGGRESSIVE;
				CLANG_WARN_UNREACHABLE_CODE = YES;
				CLANG_WARN__DUPLICATE_METHOD_MATCH = YES;
				COPY_PHASE_STRIP = NO;
				DEBUG_INFORMATION_FORMAT = dwarf;
				ENABLE_STRICT_OBJC_MSGSEND = YES;
				ENABLE_TESTABILITY = YES;
				GCC_C_LANGUAGE_STANDARD = gnu11;
				GCC_DYNAMIC_NO_PIC = NO;
				GCC_NO_COMMON_BLOCKS = YES;
				GCC_OPTIMIZATION_LEVEL = 0;
				GCC_PREPROCESSOR_DEFINITIONS = (
					"DEBUG=1",
					"$(inherited)",
				);
				GCC_WARN_64_TO_32_BIT_CONVERSION = YES;
				GCC_WARN_ABOUT_RETURN_TYPE = YES_ERROR;
				GCC_WARN_INHIBIT_ALL_WARNINGS = NO;
				GCC_WARN_UNDECLARED_SELECTOR = YES;
				GCC_WARN_UNINITIALIZED_AUTOS = YES_AGGRESSIVE;
				GCC_WARN_UNUSED_FUNCTION = YES;
				GCC_WARN_UNUSED_VARIABLE = YES;
				IPHONEOS_DEPLOYMENT_TARGET = 15.2;
				MTL_ENABLE_DEBUG_INFO = INCLUDE_SOURCE;
				MTL_FAST_MATH = YES;
				ONLY_ACTIVE_ARCH = YES;
				SDKROOT = iphoneos;
				SWIFT_ACTIVE_COMPILATION_CONDITIONS = DEBUG;
				SWIFT_OPTIMIZATION_LEVEL = "-Onone";
			};
			name = Debug;
		};
		E97F196A2838FF8000E8776F /* Release */ = {
			isa = XCBuildConfiguration;
			buildSettings = {
				ALWAYS_SEARCH_USER_PATHS = NO;
				CLANG_ANALYZER_NONNULL = YES;
				CLANG_ANALYZER_NUMBER_OBJECT_CONVERSION = YES_AGGRESSIVE;
				CLANG_CXX_LANGUAGE_STANDARD = "gnu++17";
				CLANG_CXX_LIBRARY = "libc++";
				CLANG_ENABLE_MODULES = YES;
				CLANG_ENABLE_OBJC_ARC = YES;
				CLANG_ENABLE_OBJC_WEAK = YES;
				CLANG_WARN_BLOCK_CAPTURE_AUTORELEASING = YES;
				CLANG_WARN_BOOL_CONVERSION = YES;
				CLANG_WARN_COMMA = YES;
				CLANG_WARN_CONSTANT_CONVERSION = YES;
				CLANG_WARN_DEPRECATED_OBJC_IMPLEMENTATIONS = YES;
				CLANG_WARN_DIRECT_OBJC_ISA_USAGE = YES_ERROR;
				CLANG_WARN_DOCUMENTATION_COMMENTS = YES;
				CLANG_WARN_EMPTY_BODY = YES;
				CLANG_WARN_ENUM_CONVERSION = YES;
				CLANG_WARN_INFINITE_RECURSION = YES;
				CLANG_WARN_INT_CONVERSION = YES;
				CLANG_WARN_NON_LITERAL_NULL_CONVERSION = YES;
				CLANG_WARN_OBJC_IMPLICIT_RETAIN_SELF = YES;
				CLANG_WARN_OBJC_LITERAL_CONVERSION = YES;
				CLANG_WARN_OBJC_ROOT_CLASS = YES_ERROR;
				CLANG_WARN_QUOTED_INCLUDE_IN_FRAMEWORK_HEADER = YES;
				CLANG_WARN_RANGE_LOOP_ANALYSIS = YES;
				CLANG_WARN_STRICT_PROTOTYPES = YES;
				CLANG_WARN_SUSPICIOUS_MOVE = YES;
				CLANG_WARN_UNGUARDED_AVAILABILITY = YES_AGGRESSIVE;
				CLANG_WARN_UNREACHABLE_CODE = YES;
				CLANG_WARN__DUPLICATE_METHOD_MATCH = YES;
				COPY_PHASE_STRIP = NO;
				DEBUG_INFORMATION_FORMAT = "dwarf-with-dsym";
				ENABLE_NS_ASSERTIONS = NO;
				ENABLE_STRICT_OBJC_MSGSEND = YES;
				GCC_C_LANGUAGE_STANDARD = gnu11;
				GCC_NO_COMMON_BLOCKS = YES;
				GCC_WARN_64_TO_32_BIT_CONVERSION = YES;
				GCC_WARN_ABOUT_RETURN_TYPE = YES_ERROR;
				GCC_WARN_INHIBIT_ALL_WARNINGS = NO;
				GCC_WARN_UNDECLARED_SELECTOR = YES;
				GCC_WARN_UNINITIALIZED_AUTOS = YES_AGGRESSIVE;
				GCC_WARN_UNUSED_FUNCTION = YES;
				GCC_WARN_UNUSED_VARIABLE = YES;
				IPHONEOS_DEPLOYMENT_TARGET = 15.2;
				MTL_ENABLE_DEBUG_INFO = NO;
				MTL_FAST_MATH = YES;
				SDKROOT = iphoneos;
				SWIFT_COMPILATION_MODE = wholemodule;
				SWIFT_OPTIMIZATION_LEVEL = "-O";
				VALIDATE_PRODUCT = YES;
			};
			name = Release;
		};
		E97F196C2838FF8000E8776F /* Debug */ = {
			isa = XCBuildConfiguration;
			baseConfigurationReference = 54452572D1314E094F2A3189 /* Pods-MovieKuy.debug.xcconfig */;
			buildSettings = {
				ASSETCATALOG_COMPILER_APPICON_NAME = AppIcon;
				ASSETCATALOG_COMPILER_GLOBAL_ACCENT_COLOR_NAME = AccentColor;
				CODE_SIGN_STYLE = Automatic;
				CURRENT_PROJECT_VERSION = 1;
				DEVELOPMENT_TEAM = Q6JT9SDQN5;
				GCC_WARN_INHIBIT_ALL_WARNINGS = NO;
				GENERATE_INFOPLIST_FILE = YES;
				INFOPLIST_FILE = MovieKuy/Resources/Info.plist;
				INFOPLIST_KEY_UIApplicationSupportsIndirectInputEvents = YES;
				INFOPLIST_KEY_UILaunchStoryboardName = LaunchScreen;
				INFOPLIST_KEY_UISupportedInterfaceOrientations_iPad = "UIInterfaceOrientationPortrait UIInterfaceOrientationPortraitUpsideDown UIInterfaceOrientationLandscapeLeft UIInterfaceOrientationLandscapeRight";
				INFOPLIST_KEY_UISupportedInterfaceOrientations_iPhone = "UIInterfaceOrientationPortrait UIInterfaceOrientationLandscapeLeft UIInterfaceOrientationLandscapeRight";
				LD_RUNPATH_SEARCH_PATHS = (
					"$(inherited)",
					"@executable_path/Frameworks",
				);
				MARKETING_VERSION = 1.0;
				PRODUCT_BUNDLE_IDENTIFIER = com.dimas.MovieKuy;
				PRODUCT_NAME = "$(TARGET_NAME)";
				SWIFT_EMIT_LOC_STRINGS = YES;
				SWIFT_VERSION = 5.0;
				TARGETED_DEVICE_FAMILY = "1,2";
			};
			name = Debug;
		};
		E97F196D2838FF8000E8776F /* Release */ = {
			isa = XCBuildConfiguration;
			baseConfigurationReference = AB5D63E755DF38672204042F /* Pods-MovieKuy.release.xcconfig */;
			buildSettings = {
				ASSETCATALOG_COMPILER_APPICON_NAME = AppIcon;
				ASSETCATALOG_COMPILER_GLOBAL_ACCENT_COLOR_NAME = AccentColor;
				CODE_SIGN_STYLE = Automatic;
				CURRENT_PROJECT_VERSION = 1;
				DEVELOPMENT_TEAM = Q6JT9SDQN5;
				GCC_WARN_INHIBIT_ALL_WARNINGS = NO;
				GENERATE_INFOPLIST_FILE = YES;
				INFOPLIST_FILE = MovieKuy/Resources/Info.plist;
				INFOPLIST_KEY_UIApplicationSupportsIndirectInputEvents = YES;
				INFOPLIST_KEY_UILaunchStoryboardName = LaunchScreen;
				INFOPLIST_KEY_UISupportedInterfaceOrientations_iPad = "UIInterfaceOrientationPortrait UIInterfaceOrientationPortraitUpsideDown UIInterfaceOrientationLandscapeLeft UIInterfaceOrientationLandscapeRight";
				INFOPLIST_KEY_UISupportedInterfaceOrientations_iPhone = "UIInterfaceOrientationPortrait UIInterfaceOrientationLandscapeLeft UIInterfaceOrientationLandscapeRight";
				LD_RUNPATH_SEARCH_PATHS = (
					"$(inherited)",
					"@executable_path/Frameworks",
				);
				MARKETING_VERSION = 1.0;
				PRODUCT_BUNDLE_IDENTIFIER = com.dimas.MovieKuy;
				PRODUCT_NAME = "$(TARGET_NAME)";
				SWIFT_EMIT_LOC_STRINGS = YES;
				SWIFT_VERSION = 5.0;
				TARGETED_DEVICE_FAMILY = "1,2";
			};
			name = Release;
		};
/* End XCBuildConfiguration section */

/* Begin XCConfigurationList section */
		E97F19522838FF8000E8776F /* Build configuration list for PBXProject "MovieKuy" */ = {
			isa = XCConfigurationList;
			buildConfigurations = (
				E97F19692838FF8000E8776F /* Debug */,
				E97F196A2838FF8000E8776F /* Release */,
			);
			defaultConfigurationIsVisible = 0;
			defaultConfigurationName = Release;
		};
		E97F196B2838FF8000E8776F /* Build configuration list for PBXNativeTarget "MovieKuy" */ = {
			isa = XCConfigurationList;
			buildConfigurations = (
				E97F196C2838FF8000E8776F /* Debug */,
				E97F196D2838FF8000E8776F /* Release */,
			);
			defaultConfigurationIsVisible = 0;
			defaultConfigurationName = Release;
		};
/* End XCConfigurationList section */

/* Begin XCVersionGroup section */
		E98E91EC284730AE00DD5F4B /* FavoriteModel.xcdatamodeld */ = {
			isa = XCVersionGroup;
			children = (
				E98E91ED284730AE00DD5F4B /* FavoriteModel.xcdatamodel */,
			);
			currentVersion = E98E91ED284730AE00DD5F4B /* FavoriteModel.xcdatamodel */;
			path = FavoriteModel.xcdatamodeld;
			sourceTree = "<group>";
			versionGroupType = wrapper.xcdatamodel;
		};
/* End XCVersionGroup section */
	};
	rootObject = E97F194F2838FF8000E8776F /* Project object */;
}
